
Microsoft Visual Studio Solution File, Format Version 12.00
# Visual Studio 14
VisualStudioVersion = 14.0.24720.0
MinimumVisualStudioVersion = 10.0.40219.1
Project("{FAE04EC0-301F-11D3-BF4B-00C04F79EFBC}") = "SalesforceReactApp", "SalesforceReactApp\SalesforceReactApp.csproj", "{F378291F-E276-41A6-840D-35828A9A5DE4}"
EndProject
Project("{FAE04EC0-301F-11D3-BF4B-00C04F79EFBC}") = "SalesforceReactBridge", "SalesforceReactBridge\SalesforceReactBridge.csproj", "{105DEE62-A54B-488E-804B-030C59456E14}"
EndProject
Project("{FAE04EC0-301F-11D3-BF4B-00C04F79EFBC}") = "ReactNative", "..\react-native-windows\ReactWindows\ReactNative\ReactNative.csproj", "{C7673AD5-E3AA-468C-A5FD-FA38154E205C}"
EndProject
Project("{FAE04EC0-301F-11D3-BF4B-00C04F79EFBC}") = "SmartStore", "..\SalesforceMobileSDK-Windows\SalesforceSDK\SmartStore\SmartStore.csproj", "{8AACCCBC-E17B-4292-BA0B-2E22F2F71EF6}"
EndProject
Project("{FAE04EC0-301F-11D3-BF4B-00C04F79EFBC}") = "SmartSync", "..\SalesforceMobileSDK-Windows\SalesforceSDK\SmartSync\SmartSync.csproj", "{391494A2-48A3-4337-85FE-55241E6AB455}"
EndProject
Project("{FAE04EC0-301F-11D3-BF4B-00C04F79EFBC}") = "Core", "..\SalesforceMobileSDK-Windows\SalesforceSDK\Core\Core.csproj", "{86021BC6-AE6C-47B2-9D08-8E352C46E277}"
EndProject
Project("{FAE04EC0-301F-11D3-BF4B-00C04F79EFBC}") = "Universal", "..\SalesforceMobileSDK-Windows\SalesforceSDK\Universal\Universal.csproj", "{4E325032-0060-4965-BCEB-E737AE088AAF}"
EndProject
Project("{FAE04EC0-301F-11D3-BF4B-00C04F79EFBC}") = "Facebook.CSSLayout", "..\css-layout\src\csharp\Facebook.CSSLayout\Facebook.CSSLayout.csproj", "{D534FB4B-A7D4-4A29-96D3-F39A91A259BD}"
EndProject
Global
	GlobalSection(SolutionConfigurationPlatforms) = preSolution
		Debug|Any CPU = Debug|Any CPU
		Debug|ARM = Debug|ARM
		Debug|x64 = Debug|x64
		Debug|x86 = Debug|x86
		Release|Any CPU = Release|Any CPU
		Release|ARM = Release|ARM
		Release|x64 = Release|x64
		Release|x86 = Release|x86
	EndGlobalSection
	GlobalSection(ProjectConfigurationPlatforms) = postSolution
		{F378291F-E276-41A6-840D-35828A9A5DE4}.Debug|Any CPU.ActiveCfg = Debug|x86
		{F378291F-E276-41A6-840D-35828A9A5DE4}.Debug|ARM.ActiveCfg = Debug|ARM
		{F378291F-E276-41A6-840D-35828A9A5DE4}.Debug|ARM.Build.0 = Debug|ARM
		{F378291F-E276-41A6-840D-35828A9A5DE4}.Debug|ARM.Deploy.0 = Debug|ARM
		{F378291F-E276-41A6-840D-35828A9A5DE4}.Debug|x64.ActiveCfg = Debug|x64
		{F378291F-E276-41A6-840D-35828A9A5DE4}.Debug|x64.Build.0 = Debug|x64
		{F378291F-E276-41A6-840D-35828A9A5DE4}.Debug|x64.Deploy.0 = Debug|x64
		{F378291F-E276-41A6-840D-35828A9A5DE4}.Debug|x86.ActiveCfg = Debug|x86
		{F378291F-E276-41A6-840D-35828A9A5DE4}.Debug|x86.Build.0 = Debug|x86
		{F378291F-E276-41A6-840D-35828A9A5DE4}.Debug|x86.Deploy.0 = Debug|x86
		{F378291F-E276-41A6-840D-35828A9A5DE4}.Release|Any CPU.ActiveCfg = Release|x86
		{F378291F-E276-41A6-840D-35828A9A5DE4}.Release|ARM.ActiveCfg = Release|ARM
		{F378291F-E276-41A6-840D-35828A9A5DE4}.Release|ARM.Build.0 = Release|ARM
		{F378291F-E276-41A6-840D-35828A9A5DE4}.Release|ARM.Deploy.0 = Release|ARM
		{F378291F-E276-41A6-840D-35828A9A5DE4}.Release|x64.ActiveCfg = Release|x64
		{F378291F-E276-41A6-840D-35828A9A5DE4}.Release|x64.Build.0 = Release|x64
		{F378291F-E276-41A6-840D-35828A9A5DE4}.Release|x64.Deploy.0 = Release|x64
		{F378291F-E276-41A6-840D-35828A9A5DE4}.Release|x86.ActiveCfg = Release|x86
		{F378291F-E276-41A6-840D-35828A9A5DE4}.Release|x86.Build.0 = Release|x86
		{F378291F-E276-41A6-840D-35828A9A5DE4}.Release|x86.Deploy.0 = Release|x86
		{105DEE62-A54B-488E-804B-030C59456E14}.Debug|Any CPU.ActiveCfg = Debug|Any CPU
		{105DEE62-A54B-488E-804B-030C59456E14}.Debug|Any CPU.Build.0 = Debug|Any CPU
		{105DEE62-A54B-488E-804B-030C59456E14}.Debug|ARM.ActiveCfg = Debug|ARM
		{105DEE62-A54B-488E-804B-030C59456E14}.Debug|ARM.Build.0 = Debug|ARM
		{105DEE62-A54B-488E-804B-030C59456E14}.Debug|x64.ActiveCfg = Debug|x64
		{105DEE62-A54B-488E-804B-030C59456E14}.Debug|x64.Build.0 = Debug|x64
		{105DEE62-A54B-488E-804B-030C59456E14}.Debug|x86.ActiveCfg = Debug|x86
		{105DEE62-A54B-488E-804B-030C59456E14}.Debug|x86.Build.0 = Debug|x86
		{105DEE62-A54B-488E-804B-030C59456E14}.Release|Any CPU.ActiveCfg = Release|Any CPU
		{105DEE62-A54B-488E-804B-030C59456E14}.Release|Any CPU.Build.0 = Release|Any CPU
		{105DEE62-A54B-488E-804B-030C59456E14}.Release|ARM.ActiveCfg = Release|ARM
		{105DEE62-A54B-488E-804B-030C59456E14}.Release|ARM.Build.0 = Release|ARM
		{105DEE62-A54B-488E-804B-030C59456E14}.Release|x64.ActiveCfg = Release|x64
		{105DEE62-A54B-488E-804B-030C59456E14}.Release|x64.Build.0 = Release|x64
		{105DEE62-A54B-488E-804B-030C59456E14}.Release|x86.ActiveCfg = Release|x86
		{105DEE62-A54B-488E-804B-030C59456E14}.Release|x86.Build.0 = Release|x86
		{C7673AD5-E3AA-468C-A5FD-FA38154E205C}.Debug|Any CPU.ActiveCfg = Debug|Any CPU
		{C7673AD5-E3AA-468C-A5FD-FA38154E205C}.Debug|Any CPU.Build.0 = Debug|Any CPU
		{C7673AD5-E3AA-468C-A5FD-FA38154E205C}.Debug|ARM.ActiveCfg = Debug|ARM
		{C7673AD5-E3AA-468C-A5FD-FA38154E205C}.Debug|ARM.Build.0 = Debug|ARM
		{C7673AD5-E3AA-468C-A5FD-FA38154E205C}.Debug|x64.ActiveCfg = Debug|x64
		{C7673AD5-E3AA-468C-A5FD-FA38154E205C}.Debug|x64.Build.0 = Debug|x64
		{C7673AD5-E3AA-468C-A5FD-FA38154E205C}.Debug|x86.ActiveCfg = Debug|x86
		{C7673AD5-E3AA-468C-A5FD-FA38154E205C}.Debug|x86.Build.0 = Debug|x86
		{C7673AD5-E3AA-468C-A5FD-FA38154E205C}.Release|Any CPU.ActiveCfg = Release|Any CPU
		{C7673AD5-E3AA-468C-A5FD-FA38154E205C}.Release|Any CPU.Build.0 = Release|Any CPU
		{C7673AD5-E3AA-468C-A5FD-FA38154E205C}.Release|ARM.ActiveCfg = Release|ARM
		{C7673AD5-E3AA-468C-A5FD-FA38154E205C}.Release|ARM.Build.0 = Release|ARM
		{C7673AD5-E3AA-468C-A5FD-FA38154E205C}.Release|x64.ActiveCfg = Release|x64
		{C7673AD5-E3AA-468C-A5FD-FA38154E205C}.Release|x64.Build.0 = Release|x64
		{C7673AD5-E3AA-468C-A5FD-FA38154E205C}.Release|x86.ActiveCfg = Release|x86
		{C7673AD5-E3AA-468C-A5FD-FA38154E205C}.Release|x86.Build.0 = Release|x86
		{8AACCCBC-E17B-4292-BA0B-2E22F2F71EF6}.Debug|Any CPU.ActiveCfg = Debug|Any CPU
		{8AACCCBC-E17B-4292-BA0B-2E22F2F71EF6}.Debug|Any CPU.Build.0 = Debug|Any CPU
		{8AACCCBC-E17B-4292-BA0B-2E22F2F71EF6}.Debug|ARM.ActiveCfg = Debug|Any CPU
		{8AACCCBC-E17B-4292-BA0B-2E22F2F71EF6}.Debug|ARM.Build.0 = Debug|Any CPU
		{8AACCCBC-E17B-4292-BA0B-2E22F2F71EF6}.Debug|x64.ActiveCfg = Debug|Any CPU
		{8AACCCBC-E17B-4292-BA0B-2E22F2F71EF6}.Debug|x64.Build.0 = Debug|Any CPU
		{8AACCCBC-E17B-4292-BA0B-2E22F2F71EF6}.Debug|x86.ActiveCfg = Debug|x86
		{8AACCCBC-E17B-4292-BA0B-2E22F2F71EF6}.Debug|x86.Build.0 = Debug|x86
		{8AACCCBC-E17B-4292-BA0B-2E22F2F71EF6}.Release|Any CPU.ActiveCfg = Release|Any CPU
		{8AACCCBC-E17B-4292-BA0B-2E22F2F71EF6}.Release|Any CPU.Build.0 = Release|Any CPU
		{8AACCCBC-E17B-4292-BA0B-2E22F2F71EF6}.Release|ARM.ActiveCfg = Release|Any CPU
		{8AACCCBC-E17B-4292-BA0B-2E22F2F71EF6}.Release|ARM.Build.0 = Release|Any CPU
		{8AACCCBC-E17B-4292-BA0B-2E22F2F71EF6}.Release|x64.ActiveCfg = Release|Any CPU
		{8AACCCBC-E17B-4292-BA0B-2E22F2F71EF6}.Release|x64.Build.0 = Release|Any CPU
		{8AACCCBC-E17B-4292-BA0B-2E22F2F71EF6}.Release|x86.ActiveCfg = Release|x86
		{8AACCCBC-E17B-4292-BA0B-2E22F2F71EF6}.Release|x86.Build.0 = Release|x86
		{391494A2-48A3-4337-85FE-55241E6AB455}.Debug|Any CPU.ActiveCfg = Debug|Any CPU
		{391494A2-48A3-4337-85FE-55241E6AB455}.Debug|Any CPU.Build.0 = Debug|Any CPU
		{391494A2-48A3-4337-85FE-55241E6AB455}.Debug|ARM.ActiveCfg = Debug|Any CPU
		{391494A2-48A3-4337-85FE-55241E6AB455}.Debug|ARM.Build.0 = Debug|Any CPU
		{391494A2-48A3-4337-85FE-55241E6AB455}.Debug|x64.ActiveCfg = Debug|Any CPU
		{391494A2-48A3-4337-85FE-55241E6AB455}.Debug|x64.Build.0 = Debug|Any CPU
		{391494A2-48A3-4337-85FE-55241E6AB455}.Debug|x86.ActiveCfg = Debug|x86
		{391494A2-48A3-4337-85FE-55241E6AB455}.Debug|x86.Build.0 = Debug|x86
		{391494A2-48A3-4337-85FE-55241E6AB455}.Release|Any CPU.ActiveCfg = Release|Any CPU
		{391494A2-48A3-4337-85FE-55241E6AB455}.Release|Any CPU.Build.0 = Release|Any CPU
		{391494A2-48A3-4337-85FE-55241E6AB455}.Release|ARM.ActiveCfg = Release|Any CPU
		{391494A2-48A3-4337-85FE-55241E6AB455}.Release|ARM.Build.0 = Release|Any CPU
		{391494A2-48A3-4337-85FE-55241E6AB455}.Release|x64.ActiveCfg = Release|Any CPU
		{391494A2-48A3-4337-85FE-55241E6AB455}.Release|x64.Build.0 = Release|Any CPU
		{391494A2-48A3-4337-85FE-55241E6AB455}.Release|x86.ActiveCfg = Release|x86
		{391494A2-48A3-4337-85FE-55241E6AB455}.Release|x86.Build.0 = Release|x86
		{86021BC6-AE6C-47B2-9D08-8E352C46E277}.Debug|Any CPU.ActiveCfg = Debug|Any CPU
		{86021BC6-AE6C-47B2-9D08-8E352C46E277}.Debug|Any CPU.Build.0 = Debug|Any CPU
		{86021BC6-AE6C-47B2-9D08-8E352C46E277}.Debug|ARM.ActiveCfg = Debug|Any CPU
		{86021BC6-AE6C-47B2-9D08-8E352C46E277}.Debug|ARM.Build.0 = Debug|Any CPU
		{86021BC6-AE6C-47B2-9D08-8E352C46E277}.Debug|x64.ActiveCfg = Debug|Any CPU
		{86021BC6-AE6C-47B2-9D08-8E352C46E277}.Debug|x64.Build.0 = Debug|Any CPU
		{86021BC6-AE6C-47B2-9D08-8E352C46E277}.Debug|x86.ActiveCfg = Debug|x86
		{86021BC6-AE6C-47B2-9D08-8E352C46E277}.Debug|x86.Build.0 = Debug|x86
		{86021BC6-AE6C-47B2-9D08-8E352C46E277}.Release|Any CPU.ActiveCfg = Release|Any CPU
		{86021BC6-AE6C-47B2-9D08-8E352C46E277}.Release|Any CPU.Build.0 = Release|Any CPU
		{86021BC6-AE6C-47B2-9D08-8E352C46E277}.Release|ARM.ActiveCfg = Release|Any CPU
		{86021BC6-AE6C-47B2-9D08-8E352C46E277}.Release|ARM.Build.0 = Release|Any CPU
		{86021BC6-AE6C-47B2-9D08-8E352C46E277}.Release|x64.ActiveCfg = Release|Any CPU
		{86021BC6-AE6C-47B2-9D08-8E352C46E277}.Release|x64.Build.0 = Release|Any CPU
		{86021BC6-AE6C-47B2-9D08-8E352C46E277}.Release|x86.ActiveCfg = Release|x86
		{86021BC6-AE6C-47B2-9D08-8E352C46E277}.Release|x86.Build.0 = Release|x86
		{4E325032-0060-4965-BCEB-E737AE088AAF}.Debug|Any CPU.ActiveCfg = Debug|Any CPU
		{4E325032-0060-4965-BCEB-E737AE088AAF}.Debug|Any CPU.Build.0 = Debug|Any CPU
		{4E325032-0060-4965-BCEB-E737AE088AAF}.Debug|ARM.ActiveCfg = Debug|ARM
		{4E325032-0060-4965-BCEB-E737AE088AAF}.Debug|ARM.Build.0 = Debug|ARM
		{4E325032-0060-4965-BCEB-E737AE088AAF}.Debug|x64.ActiveCfg = Debug|x64
		{4E325032-0060-4965-BCEB-E737AE088AAF}.Debug|x64.Build.0 = Debug|x64
		{4E325032-0060-4965-BCEB-E737AE088AAF}.Debug|x86.ActiveCfg = Debug|x86
		{4E325032-0060-4965-BCEB-E737AE088AAF}.Debug|x86.Build.0 = Debug|x86
		{4E325032-0060-4965-BCEB-E737AE088AAF}.Release|Any CPU.ActiveCfg = Release|Any CPU
		{4E325032-0060-4965-BCEB-E737AE088AAF}.Release|Any CPU.Build.0 = Release|Any CPU
		{4E325032-0060-4965-BCEB-E737AE088AAF}.Release|ARM.ActiveCfg = Release|ARM
		{4E325032-0060-4965-BCEB-E737AE088AAF}.Release|ARM.Build.0 = Release|ARM
		{4E325032-0060-4965-BCEB-E737AE088AAF}.Release|x64.ActiveCfg = Release|x64
		{4E325032-0060-4965-BCEB-E737AE088AAF}.Release|x64.Build.0 = Release|x64
		{4E325032-0060-4965-BCEB-E737AE088AAF}.Release|x86.ActiveCfg = Release|x86
		{4E325032-0060-4965-BCEB-E737AE088AAF}.Release|x86.Build.0 = Release|x86
		{D534FB4B-A7D4-4A29-96D3-F39A91A259BD}.Debug|Any CPU.ActiveCfg = Debug|Any CPU
		{D534FB4B-A7D4-4A29-96D3-F39A91A259BD}.Debug|Any CPU.Build.0 = Debug|Any CPU
		{D534FB4B-A7D4-4A29-96D3-F39A91A259BD}.Debug|ARM.ActiveCfg = Debug|Any CPU
		{D534FB4B-A7D4-4A29-96D3-F39A91A259BD}.Debug|ARM.Build.0 = Debug|Any CPU
		{D534FB4B-A7D4-4A29-96D3-F39A91A259BD}.Debug|x64.ActiveCfg = Debug|Any CPU
		{D534FB4B-A7D4-4A29-96D3-F39A91A259BD}.Debug|x64.Build.0 = Debug|Any CPU
		{D534FB4B-A7D4-4A29-96D3-F39A91A259BD}.Debug|x86.ActiveCfg = Debug|Any CPU
		{D534FB4B-A7D4-4A29-96D3-F39A91A259BD}.Debug|x86.Build.0 = Debug|Any CPU
		{D534FB4B-A7D4-4A29-96D3-F39A91A259BD}.Release|Any CPU.ActiveCfg = Release|Any CPU
		{D534FB4B-A7D4-4A29-96D3-F39A91A259BD}.Release|Any CPU.Build.0 = Release|Any CPU
		{D534FB4B-A7D4-4A29-96D3-F39A91A259BD}.Release|ARM.ActiveCfg = Release|Any CPU
		{D534FB4B-A7D4-4A29-96D3-F39A91A259BD}.Release|ARM.Build.0 = Release|Any CPU
		{D534FB4B-A7D4-4A29-96D3-F39A91A259BD}.Release|x64.ActiveCfg = Release|Any CPU
		{D534FB4B-A7D4-4A29-96D3-F39A91A259BD}.Release|x64.Build.0 = Release|Any CPU
		{D534FB4B-A7D4-4A29-96D3-F39A91A259BD}.Release|x86.ActiveCfg = Release|Any CPU
		{D534FB4B-A7D4-4A29-96D3-F39A91A259BD}.Release|x86.Build.0 = Release|Any CPU
	EndGlobalSection
	GlobalSection(SolutionProperties) = preSolution
		HideSolutionNode = FALSE
	EndGlobalSection
EndGlobal
